// !$*UTF8*$!
{
	archiveVersion = 1;
	classes = {
	};
	objectVersion = 56;
	objects = {

/* Begin PBXBuildFile section */
		EB258FF72C347D8B002EF1BD /* TikTokCloneApp.swift in Sources */ = {isa = PBXBuildFile; fileRef = EB258FF62C347D8B002EF1BD /* TikTokCloneApp.swift */; };
		EB258FF92C347D8B002EF1BD /* ContentView.swift in Sources */ = {isa = PBXBuildFile; fileRef = EB258FF82C347D8B002EF1BD /* ContentView.swift */; };
		EB258FFB2C347D8D002EF1BD /* Assets.xcassets in Resources */ = {isa = PBXBuildFile; fileRef = EB258FFA2C347D8D002EF1BD /* Assets.xcassets */; };
		EB258FFE2C347D8D002EF1BD /* Preview Assets.xcassets in Resources */ = {isa = PBXBuildFile; fileRef = EB258FFD2C347D8D002EF1BD /* Preview Assets.xcassets */; };
		EB2590152C3483CA002EF1BD /* MainTabView.swift in Sources */ = {isa = PBXBuildFile; fileRef = EB2590142C3483CA002EF1BD /* MainTabView.swift */; };
		EB2590172C349168002EF1BD /* FeedView.swift in Sources */ = {isa = PBXBuildFile; fileRef = EB2590162C349167002EF1BD /* FeedView.swift */; };
		EB2590192C349B80002EF1BD /* FeedCell.swift in Sources */ = {isa = PBXBuildFile; fileRef = EB2590182C349B80002EF1BD /* FeedCell.swift */; };
		EB25901B2C35C9A7002EF1BD /* ExploreView.swift in Sources */ = {isa = PBXBuildFile; fileRef = EB25901A2C35C9A7002EF1BD /* ExploreView.swift */; };
		EB25901D2C35C9B3002EF1BD /* UserCell.swift in Sources */ = {isa = PBXBuildFile; fileRef = EB25901C2C35C9B3002EF1BD /* UserCell.swift */; };
		EB25901F2C35D488002EF1BD /* NotificationsView.swift in Sources */ = {isa = PBXBuildFile; fileRef = EB25901E2C35D488002EF1BD /* NotificationsView.swift */; };
		EB2590212C35D490002EF1BD /* NotificationsCell.swift in Sources */ = {isa = PBXBuildFile; fileRef = EB2590202C35D490002EF1BD /* NotificationsCell.swift */; };
		EB2590232C35DA42002EF1BD /* CurrentUserProfileView.swift in Sources */ = {isa = PBXBuildFile; fileRef = EB2590222C35DA42002EF1BD /* CurrentUserProfileView.swift */; };
		EB2590252C35DC64002EF1BD /* ProfileheaderView.swift in Sources */ = {isa = PBXBuildFile; fileRef = EB2590242C35DC64002EF1BD /* ProfileheaderView.swift */; };
		EB2590272C35DC71002EF1BD /* PostGridView.swift in Sources */ = {isa = PBXBuildFile; fileRef = EB2590262C35DC71002EF1BD /* PostGridView.swift */; };
		EB25902D2C35E615002EF1BD /* UserStatView.swift in Sources */ = {isa = PBXBuildFile; fileRef = EB25902C2C35E615002EF1BD /* UserStatView.swift */; };
		EB25902F2C383C2F002EF1BD /* Post.swift in Sources */ = {isa = PBXBuildFile; fileRef = EB25902E2C383C2F002EF1BD /* Post.swift */; };
		EB2590362C384722002EF1BD /* FeedViewModel.swift in Sources */ = {isa = PBXBuildFile; fileRef = EB2590352C384722002EF1BD /* FeedViewModel.swift */; };
		EB2590382C384BFA002EF1BD /* MyVideoPlayer.swift in Sources */ = {isa = PBXBuildFile; fileRef = EB2590372C384BFA002EF1BD /* MyVideoPlayer.swift */; };
		EB25903F2C387300002EF1BD /* LoginView.swift in Sources */ = {isa = PBXBuildFile; fileRef = EB25903E2C387300002EF1BD /* LoginView.swift */; };
		EB2590412C38730E002EF1BD /* RegisterView.swift in Sources */ = {isa = PBXBuildFile; fileRef = EB2590402C38730E002EF1BD /* RegisterView.swift */; };
		EB2590432C3879B0002EF1BD /* StandardTextFieldModifier.swift in Sources */ = {isa = PBXBuildFile; fileRef = EB2590422C3879B0002EF1BD /* StandardTextFieldModifier.swift */; };
		EB2590452C3884DA002EF1BD /* AuthFormProtocol.swift in Sources */ = {isa = PBXBuildFile; fileRef = EB2590442C3884DA002EF1BD /* AuthFormProtocol.swift */; };
		EB25904B2C388F03002EF1BD /* FirebaseAuth in Frameworks */ = {isa = PBXBuildFile; productRef = EB25904A2C388F03002EF1BD /* FirebaseAuth */; };
		EB25904D2C388F03002EF1BD /* FirebaseCrashlytics in Frameworks */ = {isa = PBXBuildFile; productRef = EB25904C2C388F03002EF1BD /* FirebaseCrashlytics */; };
		EB2590512C388F03002EF1BD /* FirebaseFirestore in Frameworks */ = {isa = PBXBuildFile; productRef = EB2590502C388F03002EF1BD /* FirebaseFirestore */; };
		EB2590572C38941F002EF1BD /* GoogleService-Info.plist in Resources */ = {isa = PBXBuildFile; fileRef = EB2590562C38941F002EF1BD /* GoogleService-Info.plist */; };
		EB2590592C389765002EF1BD /* AuthService.swift in Sources */ = {isa = PBXBuildFile; fileRef = EB2590582C389765002EF1BD /* AuthService.swift */; };
		EB25905B2C38982E002EF1BD /* LoginViewModel.swift in Sources */ = {isa = PBXBuildFile; fileRef = EB25905A2C38982E002EF1BD /* LoginViewModel.swift */; };
		EB25905D2C389EAB002EF1BD /* RegisterViewModel.swift in Sources */ = {isa = PBXBuildFile; fileRef = EB25905C2C389EAB002EF1BD /* RegisterViewModel.swift */; };
		EB25905F2C38A5FC002EF1BD /* FirebaseAnalyticsOnDeviceConversion in Frameworks */ = {isa = PBXBuildFile; productRef = EB25905E2C38A5FC002EF1BD /* FirebaseAnalyticsOnDeviceConversion */; };
		EB2590612C38A5FC002EF1BD /* FirebaseAnalyticsSwift in Frameworks */ = {isa = PBXBuildFile; productRef = EB2590602C38A5FC002EF1BD /* FirebaseAnalyticsSwift */; };
		EB2590632C38A5FC002EF1BD /* FirebaseAnalyticsWithoutAdIdSupport in Frameworks */ = {isa = PBXBuildFile; productRef = EB2590622C38A5FC002EF1BD /* FirebaseAnalyticsWithoutAdIdSupport */; };
		EB2590652C38A5FC002EF1BD /* FirebaseAppCheck in Frameworks */ = {isa = PBXBuildFile; productRef = EB2590642C38A5FC002EF1BD /* FirebaseAppCheck */; };
		EB2590672C38A5FC002EF1BD /* FirebaseDatabaseSwift in Frameworks */ = {isa = PBXBuildFile; productRef = EB2590662C38A5FC002EF1BD /* FirebaseDatabaseSwift */; };
		EB2590692C38A613002EF1BD /* FirebaseAnalytics in Frameworks */ = {isa = PBXBuildFile; productRef = EB2590682C38A613002EF1BD /* FirebaseAnalytics */; };
		EB25906B2C38A63A002EF1BD /* FirebaseStorage in Frameworks */ = {isa = PBXBuildFile; productRef = EB25906A2C38A63A002EF1BD /* FirebaseStorage */; };
		EB25906D2C39A06F002EF1BD /* ContentViewModel.swift in Sources */ = {isa = PBXBuildFile; fileRef = EB25906C2C39A06F002EF1BD /* ContentViewModel.swift */; };
		EB25906F2C39B3D1002EF1BD /* User.swift in Sources */ = {isa = PBXBuildFile; fileRef = EB25906E2C39B3D1002EF1BD /* User.swift */; };
		EB2590712C39B548002EF1BD /* UserService.swift in Sources */ = {isa = PBXBuildFile; fileRef = EB2590702C39B548002EF1BD /* UserService.swift */; };
		EB2590732C39B5A1002EF1BD /* FirebaseFirestoreSwift in Frameworks */ = {isa = PBXBuildFile; productRef = EB2590722C39B5A1002EF1BD /* FirebaseFirestoreSwift */; };
/* End PBXBuildFile section */

/* Begin PBXFileReference section */
		EB258FF32C347D8B002EF1BD /* TikTokClone.app */ = {isa = PBXFileReference; explicitFileType = wrapper.application; includeInIndex = 0; path = TikTokClone.app; sourceTree = BUILT_PRODUCTS_DIR; };
		EB258FF62C347D8B002EF1BD /* TikTokCloneApp.swift */ = {isa = PBXFileReference; lastKnownFileType = sourcecode.swift; path = TikTokCloneApp.swift; sourceTree = "<group>"; };
		EB258FF82C347D8B002EF1BD /* ContentView.swift */ = {isa = PBXFileReference; lastKnownFileType = sourcecode.swift; path = ContentView.swift; sourceTree = "<group>"; };
		EB258FFA2C347D8D002EF1BD /* Assets.xcassets */ = {isa = PBXFileReference; lastKnownFileType = folder.assetcatalog; path = Assets.xcassets; sourceTree = "<group>"; };
		EB258FFD2C347D8D002EF1BD /* Preview Assets.xcassets */ = {isa = PBXFileReference; lastKnownFileType = folder.assetcatalog; path = "Preview Assets.xcassets"; sourceTree = "<group>"; };
		EB2590142C3483CA002EF1BD /* MainTabView.swift */ = {isa = PBXFileReference; lastKnownFileType = sourcecode.swift; path = MainTabView.swift; sourceTree = "<group>"; };
		EB2590162C349167002EF1BD /* FeedView.swift */ = {isa = PBXFileReference; lastKnownFileType = sourcecode.swift; path = FeedView.swift; sourceTree = "<group>"; };
		EB2590182C349B80002EF1BD /* FeedCell.swift */ = {isa = PBXFileReference; lastKnownFileType = sourcecode.swift; path = FeedCell.swift; sourceTree = "<group>"; };
		EB25901A2C35C9A7002EF1BD /* ExploreView.swift */ = {isa = PBXFileReference; lastKnownFileType = sourcecode.swift; path = ExploreView.swift; sourceTree = "<group>"; };
		EB25901C2C35C9B3002EF1BD /* UserCell.swift */ = {isa = PBXFileReference; lastKnownFileType = sourcecode.swift; path = UserCell.swift; sourceTree = "<group>"; };
		EB25901E2C35D488002EF1BD /* NotificationsView.swift */ = {isa = PBXFileReference; lastKnownFileType = sourcecode.swift; path = NotificationsView.swift; sourceTree = "<group>"; };
		EB2590202C35D490002EF1BD /* NotificationsCell.swift */ = {isa = PBXFileReference; lastKnownFileType = sourcecode.swift; path = NotificationsCell.swift; sourceTree = "<group>"; };
		EB2590222C35DA42002EF1BD /* CurrentUserProfileView.swift */ = {isa = PBXFileReference; lastKnownFileType = sourcecode.swift; path = CurrentUserProfileView.swift; sourceTree = "<group>"; };
		EB2590242C35DC64002EF1BD /* ProfileheaderView.swift */ = {isa = PBXFileReference; lastKnownFileType = sourcecode.swift; path = ProfileheaderView.swift; sourceTree = "<group>"; };
		EB2590262C35DC71002EF1BD /* PostGridView.swift */ = {isa = PBXFileReference; lastKnownFileType = sourcecode.swift; path = PostGridView.swift; sourceTree = "<group>"; };
		EB25902C2C35E615002EF1BD /* UserStatView.swift */ = {isa = PBXFileReference; lastKnownFileType = sourcecode.swift; path = UserStatView.swift; sourceTree = "<group>"; };
		EB25902E2C383C2F002EF1BD /* Post.swift */ = {isa = PBXFileReference; lastKnownFileType = sourcecode.swift; path = Post.swift; sourceTree = "<group>"; };
		EB2590352C384722002EF1BD /* FeedViewModel.swift */ = {isa = PBXFileReference; lastKnownFileType = sourcecode.swift; path = FeedViewModel.swift; sourceTree = "<group>"; };
		EB2590372C384BFA002EF1BD /* MyVideoPlayer.swift */ = {isa = PBXFileReference; lastKnownFileType = sourcecode.swift; path = MyVideoPlayer.swift; sourceTree = "<group>"; };
		EB25903E2C387300002EF1BD /* LoginView.swift */ = {isa = PBXFileReference; lastKnownFileType = sourcecode.swift; path = LoginView.swift; sourceTree = "<group>"; };
		EB2590402C38730E002EF1BD /* RegisterView.swift */ = {isa = PBXFileReference; lastKnownFileType = sourcecode.swift; path = RegisterView.swift; sourceTree = "<group>"; };
		EB2590422C3879B0002EF1BD /* StandardTextFieldModifier.swift */ = {isa = PBXFileReference; lastKnownFileType = sourcecode.swift; path = StandardTextFieldModifier.swift; sourceTree = "<group>"; };
		EB2590442C3884DA002EF1BD /* AuthFormProtocol.swift */ = {isa = PBXFileReference; lastKnownFileType = sourcecode.swift; path = AuthFormProtocol.swift; sourceTree = "<group>"; };
		EB2590562C38941F002EF1BD /* GoogleService-Info.plist */ = {isa = PBXFileReference; fileEncoding = 4; lastKnownFileType = text.plist.xml; path = "GoogleService-Info.plist"; sourceTree = "<group>"; };
		EB2590582C389765002EF1BD /* AuthService.swift */ = {isa = PBXFileReference; lastKnownFileType = sourcecode.swift; path = AuthService.swift; sourceTree = "<group>"; };
		EB25905A2C38982E002EF1BD /* LoginViewModel.swift */ = {isa = PBXFileReference; lastKnownFileType = sourcecode.swift; path = LoginViewModel.swift; sourceTree = "<group>"; };
		EB25905C2C389EAB002EF1BD /* RegisterViewModel.swift */ = {isa = PBXFileReference; lastKnownFileType = sourcecode.swift; path = RegisterViewModel.swift; sourceTree = "<group>"; };
		EB25906C2C39A06F002EF1BD /* ContentViewModel.swift */ = {isa = PBXFileReference; lastKnownFileType = sourcecode.swift; path = ContentViewModel.swift; sourceTree = "<group>"; };
		EB25906E2C39B3D1002EF1BD /* User.swift */ = {isa = PBXFileReference; lastKnownFileType = sourcecode.swift; path = User.swift; sourceTree = "<group>"; };
		EB2590702C39B548002EF1BD /* UserService.swift */ = {isa = PBXFileReference; lastKnownFileType = sourcecode.swift; path = UserService.swift; sourceTree = "<group>"; };
/* End PBXFileReference section */

/* Begin PBXFrameworksBuildPhase section */
		EB258FF02C347D8B002EF1BD /* Frameworks */ = {
			isa = PBXFrameworksBuildPhase;
			buildActionMask = 2147483647;
			files = (
				EB2590652C38A5FC002EF1BD /* FirebaseAppCheck in Frameworks */,
				EB2590612C38A5FC002EF1BD /* FirebaseAnalyticsSwift in Frameworks */,
				EB2590672C38A5FC002EF1BD /* FirebaseDatabaseSwift in Frameworks */,
				EB25906B2C38A63A002EF1BD /* FirebaseStorage in Frameworks */,
				EB2590512C388F03002EF1BD /* FirebaseFirestore in Frameworks */,
				EB2590732C39B5A1002EF1BD /* FirebaseFirestoreSwift in Frameworks */,
				EB25905F2C38A5FC002EF1BD /* FirebaseAnalyticsOnDeviceConversion in Frameworks */,
				EB2590632C38A5FC002EF1BD /* FirebaseAnalyticsWithoutAdIdSupport in Frameworks */,
				EB25904B2C388F03002EF1BD /* FirebaseAuth in Frameworks */,
				EB25904D2C388F03002EF1BD /* FirebaseCrashlytics in Frameworks */,
				EB2590692C38A613002EF1BD /* FirebaseAnalytics in Frameworks */,
			);
			runOnlyForDeploymentPostprocessing = 0;
		};
/* End PBXFrameworksBuildPhase section */

/* Begin PBXGroup section */
		EB258FEA2C347D8B002EF1BD = {
			isa = PBXGroup;
			children = (
				EB258FF52C347D8B002EF1BD /* TikTokClone */,
				EB258FF42C347D8B002EF1BD /* Products */,
				EB2590492C388F03002EF1BD /* Frameworks */,
			);
			sourceTree = "<group>";
		};
		EB258FF42C347D8B002EF1BD /* Products */ = {
			isa = PBXGroup;
			children = (
				EB258FF32C347D8B002EF1BD /* TikTokClone.app */,
			);
			name = Products;
			sourceTree = "<group>";
		};
		EB258FF52C347D8B002EF1BD /* TikTokClone */ = {
			isa = PBXGroup;
			children = (
				EB2590042C347D9C002EF1BD /* App */,
				EB2590052C347DB5002EF1BD /* Core */,
				EB2590062C347DBA002EF1BD /* Extensions */,
				EB2590072C347DCC002EF1BD /* Model */,
				EB2590082C347DDA002EF1BD /* Services */,
				EB2590092C347DE4002EF1BD /* Utils */,
				EB258FFA2C347D8D002EF1BD /* Assets.xcassets */,
				EB2590562C38941F002EF1BD /* GoogleService-Info.plist */,
				EB258FFC2C347D8D002EF1BD /* Preview Content */,
			);
			path = TikTokClone;
			sourceTree = "<group>";
		};
		EB258FFC2C347D8D002EF1BD /* Preview Content */ = {
			isa = PBXGroup;
			children = (
				EB258FFD2C347D8D002EF1BD /* Preview Assets.xcassets */,
			);
			path = "Preview Content";
			sourceTree = "<group>";
		};
		EB2590042C347D9C002EF1BD /* App */ = {
			isa = PBXGroup;
			children = (
				EB258FF62C347D8B002EF1BD /* TikTokCloneApp.swift */,
			);
			path = App;
			sourceTree = "<group>";
		};
		EB2590052C347DB5002EF1BD /* Core */ = {
			isa = PBXGroup;
			children = (
				EB2590132C347E3A002EF1BD /* Auth */,
				EB2590122C347E39002EF1BD /* Comments */,
				EB2590112C347E37002EF1BD /* Components */,
				EB2590102C347E35002EF1BD /* Feed */,
				EB25900F2C347E34002EF1BD /* Notifications */,
				EB25900E2C347E32002EF1BD /* Profile */,
				EB25900D2C347E30002EF1BD /* Root */,
				EB25900C2C347E2E002EF1BD /* Search */,
				EB25900B2C347E2A002EF1BD /* TabBar */,
				EB25900A2C347E1A002EF1BD /* UploadMedia */,
			);
			path = Core;
			sourceTree = "<group>";
		};
		EB2590062C347DBA002EF1BD /* Extensions */ = {
			isa = PBXGroup;
			children = (
			);
			path = Extensions;
			sourceTree = "<group>";
		};
		EB2590072C347DCC002EF1BD /* Model */ = {
			isa = PBXGroup;
			children = (
				EB25902E2C383C2F002EF1BD /* Post.swift */,
				EB25906E2C39B3D1002EF1BD /* User.swift */,
			);
			path = Model;
			sourceTree = "<group>";
		};
		EB2590082C347DDA002EF1BD /* Services */ = {
			isa = PBXGroup;
			children = (
				EB2590702C39B548002EF1BD /* UserService.swift */,
			);
			path = Services;
			sourceTree = "<group>";
		};
		EB2590092C347DE4002EF1BD /* Utils */ = {
			isa = PBXGroup;
			children = (
				EB2590422C3879B0002EF1BD /* StandardTextFieldModifier.swift */,
			);
			path = Utils;
			sourceTree = "<group>";
		};
		EB25900A2C347E1A002EF1BD /* UploadMedia */ = {
			isa = PBXGroup;
			children = (
			);
			path = UploadMedia;
			sourceTree = "<group>";
		};
		EB25900B2C347E2A002EF1BD /* TabBar */ = {
			isa = PBXGroup;
			children = (
				EB2590142C3483CA002EF1BD /* MainTabView.swift */,
			);
			path = TabBar;
			sourceTree = "<group>";
		};
		EB25900C2C347E2E002EF1BD /* Search */ = {
			isa = PBXGroup;
			children = (
				EB25901A2C35C9A7002EF1BD /* ExploreView.swift */,
				EB25901C2C35C9B3002EF1BD /* UserCell.swift */,
			);
			path = Search;
			sourceTree = "<group>";
		};
		EB25900D2C347E30002EF1BD /* Root */ = {
			isa = PBXGroup;
			children = (
				EB258FF82C347D8B002EF1BD /* ContentView.swift */,
				EB25906C2C39A06F002EF1BD /* ContentViewModel.swift */,
			);
			path = Root;
			sourceTree = "<group>";
		};
		EB25900E2C347E32002EF1BD /* Profile */ = {
			isa = PBXGroup;
			children = (
				EB25902B2C35E582002EF1BD /* View */,
				EB2590282C35E1C4002EF1BD /* Components */,
			);
			path = Profile;
			sourceTree = "<group>";
		};
		EB25900F2C347E34002EF1BD /* Notifications */ = {
			isa = PBXGroup;
			children = (
				EB25901E2C35D488002EF1BD /* NotificationsView.swift */,
				EB2590202C35D490002EF1BD /* NotificationsCell.swift */,
			);
			path = Notifications;
			sourceTree = "<group>";
		};
		EB2590102C347E35002EF1BD /* Feed */ = {
			isa = PBXGroup;
			children = (
				EB2590302C383C53002EF1BD /* Service */,
				EB2590332C383C99002EF1BD /* View */,
				EB2590342C383CAA002EF1BD /* ViewModel */,
			);
			path = Feed;
			sourceTree = "<group>";
		};
		EB2590112C347E37002EF1BD /* Components */ = {
			isa = PBXGroup;
			children = (
				EB2590372C384BFA002EF1BD /* MyVideoPlayer.swift */,
			);
			path = Components;
			sourceTree = "<group>";
		};
		EB2590122C347E39002EF1BD /* Comments */ = {
			isa = PBXGroup;
			children = (
			);
			path = Comments;
			sourceTree = "<group>";
		};
		EB2590132C347E3A002EF1BD /* Auth */ = {
			isa = PBXGroup;
			children = (
				EB25903D2C3872C4002EF1BD /* Model */,
				EB25903C2C3872C0002EF1BD /* Protocols */,
				EB25903B2C3872BE002EF1BD /* Service */,
				EB25903A2C3872BC002EF1BD /* View */,
				EB2590392C3872B9002EF1BD /* ViewModel */,
			);
			path = Auth;
			sourceTree = "<group>";
		};
		EB2590282C35E1C4002EF1BD /* Components */ = {
			isa = PBXGroup;
			children = (
				EB2590262C35DC71002EF1BD /* PostGridView.swift */,
				EB2590242C35DC64002EF1BD /* ProfileheaderView.swift */,
				EB25902C2C35E615002EF1BD /* UserStatView.swift */,
			);
			path = Components;
			sourceTree = "<group>";
		};
		EB25902B2C35E582002EF1BD /* View */ = {
			isa = PBXGroup;
			children = (
				EB2590222C35DA42002EF1BD /* CurrentUserProfileView.swift */,
			);
			path = View;
			sourceTree = "<group>";
		};
		EB2590302C383C53002EF1BD /* Service */ = {
			isa = PBXGroup;
			children = (
			);
			path = Service;
			sourceTree = "<group>";
		};
		EB2590332C383C99002EF1BD /* View */ = {
			isa = PBXGroup;
			children = (
				EB2590162C349167002EF1BD /* FeedView.swift */,
				EB2590182C349B80002EF1BD /* FeedCell.swift */,
			);
			path = View;
			sourceTree = "<group>";
		};
		EB2590342C383CAA002EF1BD /* ViewModel */ = {
			isa = PBXGroup;
			children = (
				EB2590352C384722002EF1BD /* FeedViewModel.swift */,
			);
			path = ViewModel;
			sourceTree = "<group>";
		};
		EB2590392C3872B9002EF1BD /* ViewModel */ = {
			isa = PBXGroup;
			children = (
				EB25905A2C38982E002EF1BD /* LoginViewModel.swift */,
				EB25905C2C389EAB002EF1BD /* RegisterViewModel.swift */,
			);
			path = ViewModel;
			sourceTree = "<group>";
		};
		EB25903A2C3872BC002EF1BD /* View */ = {
			isa = PBXGroup;
			children = (
				EB25903E2C387300002EF1BD /* LoginView.swift */,
				EB2590402C38730E002EF1BD /* RegisterView.swift */,
			);
			path = View;
			sourceTree = "<group>";
		};
		EB25903B2C3872BE002EF1BD /* Service */ = {
			isa = PBXGroup;
			children = (
				EB2590582C389765002EF1BD /* AuthService.swift */,
			);
			path = Service;
			sourceTree = "<group>";
		};
		EB25903C2C3872C0002EF1BD /* Protocols */ = {
			isa = PBXGroup;
			children = (
				EB2590442C3884DA002EF1BD /* AuthFormProtocol.swift */,
			);
			path = Protocols;
			sourceTree = "<group>";
		};
		EB25903D2C3872C4002EF1BD /* Model */ = {
			isa = PBXGroup;
			children = (
			);
			path = Model;
			sourceTree = "<group>";
		};
		EB2590492C388F03002EF1BD /* Frameworks */ = {
			isa = PBXGroup;
			children = (
			);
			name = Frameworks;
			sourceTree = "<group>";
		};
/* End PBXGroup section */

/* Begin PBXNativeTarget section */
		EB258FF22C347D8B002EF1BD /* TikTokClone */ = {
			isa = PBXNativeTarget;
			buildConfigurationList = EB2590012C347D8D002EF1BD /* Build configuration list for PBXNativeTarget "TikTokClone" */;
			buildPhases = (
				EB258FEF2C347D8B002EF1BD /* Sources */,
				EB258FF02C347D8B002EF1BD /* Frameworks */,
				EB258FF12C347D8B002EF1BD /* Resources */,
			);
			buildRules = (
			);
			dependencies = (
			);
			name = TikTokClone;
			packageProductDependencies = (
				EB25904A2C388F03002EF1BD /* FirebaseAuth */,
				EB25904C2C388F03002EF1BD /* FirebaseCrashlytics */,
				EB2590502C388F03002EF1BD /* FirebaseFirestore */,
				EB25905E2C38A5FC002EF1BD /* FirebaseAnalyticsOnDeviceConversion */,
				EB2590602C38A5FC002EF1BD /* FirebaseAnalyticsSwift */,
				EB2590622C38A5FC002EF1BD /* FirebaseAnalyticsWithoutAdIdSupport */,
				EB2590642C38A5FC002EF1BD /* FirebaseAppCheck */,
				EB2590662C38A5FC002EF1BD /* FirebaseDatabaseSwift */,
				EB2590682C38A613002EF1BD /* FirebaseAnalytics */,
				EB25906A2C38A63A002EF1BD /* FirebaseStorage */,
				EB2590722C39B5A1002EF1BD /* FirebaseFirestoreSwift */,
			);
			productName = TikTokClone;
			productReference = EB258FF32C347D8B002EF1BD /* TikTokClone.app */;
			productType = "com.apple.product-type.application";
		};
/* End PBXNativeTarget section */

/* Begin PBXProject section */
		EB258FEB2C347D8B002EF1BD /* Project object */ = {
			isa = PBXProject;
			attributes = {
				BuildIndependentTargetsInParallel = 1;
				LastSwiftUpdateCheck = 1540;
				LastUpgradeCheck = 1540;
				TargetAttributes = {
					EB258FF22C347D8B002EF1BD = {
						CreatedOnToolsVersion = 15.4;
					};
				};
			};
			buildConfigurationList = EB258FEE2C347D8B002EF1BD /* Build configuration list for PBXProject "TikTokClone" */;
			compatibilityVersion = "Xcode 14.0";
			developmentRegion = en;
			hasScannedForEncodings = 0;
			knownRegions = (
				en,
				Base,
			);
			mainGroup = EB258FEA2C347D8B002EF1BD;
			packageReferences = (
				EB2590482C3889E4002EF1BD /* XCRemoteSwiftPackageReference "firebase-ios-sdk" */,
			);
			productRefGroup = EB258FF42C347D8B002EF1BD /* Products */;
			projectDirPath = "";
			projectRoot = "";
			targets = (
				EB258FF22C347D8B002EF1BD /* TikTokClone */,
			);
		};
/* End PBXProject section */

/* Begin PBXResourcesBuildPhase section */
		EB258FF12C347D8B002EF1BD /* Resources */ = {
			isa = PBXResourcesBuildPhase;
			buildActionMask = 2147483647;
			files = (
				EB258FFE2C347D8D002EF1BD /* Preview Assets.xcassets in Resources */,
				EB258FFB2C347D8D002EF1BD /* Assets.xcassets in Resources */,
				EB2590572C38941F002EF1BD /* GoogleService-Info.plist in Resources */,
			);
			runOnlyForDeploymentPostprocessing = 0;
		};
/* End PBXResourcesBuildPhase section */

/* Begin PBXSourcesBuildPhase section */
		EB258FEF2C347D8B002EF1BD /* Sources */ = {
			isa = PBXSourcesBuildPhase;
			buildActionMask = 2147483647;
			files = (
				EB2590382C384BFA002EF1BD /* MyVideoPlayer.swift in Sources */,
				EB2590452C3884DA002EF1BD /* AuthFormProtocol.swift in Sources */,
				EB25905B2C38982E002EF1BD /* LoginViewModel.swift in Sources */,
				EB25906F2C39B3D1002EF1BD /* User.swift in Sources */,
				EB2590172C349168002EF1BD /* FeedView.swift in Sources */,
				EB2590192C349B80002EF1BD /* FeedCell.swift in Sources */,
				EB2590712C39B548002EF1BD /* UserService.swift in Sources */,
				EB258FF92C347D8B002EF1BD /* ContentView.swift in Sources */,
				EB25902D2C35E615002EF1BD /* UserStatView.swift in Sources */,
				EB2590592C389765002EF1BD /* AuthService.swift in Sources */,
				EB25906D2C39A06F002EF1BD /* ContentViewModel.swift in Sources */,
				EB2590432C3879B0002EF1BD /* StandardTextFieldModifier.swift in Sources */,
				EB2590252C35DC64002EF1BD /* ProfileheaderView.swift in Sources */,
				EB2590362C384722002EF1BD /* FeedViewModel.swift in Sources */,
				EB25902F2C383C2F002EF1BD /* Post.swift in Sources */,
				EB258FF72C347D8B002EF1BD /* TikTokCloneApp.swift in Sources */,
				EB2590412C38730E002EF1BD /* RegisterView.swift in Sources */,
				EB25901B2C35C9A7002EF1BD /* ExploreView.swift in Sources */,
				EB25903F2C387300002EF1BD /* LoginView.swift in Sources */,
				EB2590152C3483CA002EF1BD /* MainTabView.swift in Sources */,
				EB25901D2C35C9B3002EF1BD /* UserCell.swift in Sources */,
				EB2590272C35DC71002EF1BD /* PostGridView.swift in Sources */,
				EB2590232C35DA42002EF1BD /* CurrentUserProfileView.swift in Sources */,
				EB2590212C35D490002EF1BD /* NotificationsCell.swift in Sources */,
				EB25901F2C35D488002EF1BD /* NotificationsView.swift in Sources */,
				EB25905D2C389EAB002EF1BD /* RegisterViewModel.swift in Sources */,
			);
			runOnlyForDeploymentPostprocessing = 0;
		};
/* End PBXSourcesBuildPhase section */

/* Begin XCBuildConfiguration section */
		EB258FFF2C347D8D002EF1BD /* Debug */ = {
			isa = XCBuildConfiguration;
			buildSettings = {
				ALWAYS_SEARCH_USER_PATHS = NO;
				ASSETCATALOG_COMPILER_GENERATE_SWIFT_ASSET_SYMBOL_EXTENSIONS = YES;
				CLANG_ANALYZER_NONNULL = YES;
				CLANG_ANALYZER_NUMBER_OBJECT_CONVERSION = YES_AGGRESSIVE;
				CLANG_CXX_LANGUAGE_STANDARD = "gnu++20";
				CLANG_ENABLE_MODULES = YES;
				CLANG_ENABLE_OBJC_ARC = YES;
				CLANG_ENABLE_OBJC_WEAK = YES;
				CLANG_WARN_BLOCK_CAPTURE_AUTORELEASING = YES;
				CLANG_WARN_BOOL_CONVERSION = YES;
				CLANG_WARN_COMMA = YES;
				CLANG_WARN_CONSTANT_CONVERSION = YES;
				CLANG_WARN_DEPRECATED_OBJC_IMPLEMENTATIONS = YES;
				CLANG_WARN_DIRECT_OBJC_ISA_USAGE = YES_ERROR;
				CLANG_WARN_DOCUMENTATION_COMMENTS = YES;
				CLANG_WARN_EMPTY_BODY = YES;
				CLANG_WARN_ENUM_CONVERSION = YES;
				CLANG_WARN_INFINITE_RECURSION = YES;
				CLANG_WARN_INT_CONVERSION = YES;
				CLANG_WARN_NON_LITERAL_NULL_CONVERSION = YES;
				CLANG_WARN_OBJC_IMPLICIT_RETAIN_SELF = YES;
				CLANG_WARN_OBJC_LITERAL_CONVERSION = YES;
				CLANG_WARN_OBJC_ROOT_CLASS = YES_ERROR;
				CLANG_WARN_QUOTED_INCLUDE_IN_FRAMEWORK_HEADER = YES;
				CLANG_WARN_RANGE_LOOP_ANALYSIS = YES;
				CLANG_WARN_STRICT_PROTOTYPES = YES;
				CLANG_WARN_SUSPICIOUS_MOVE = YES;
				CLANG_WARN_UNGUARDED_AVAILABILITY = YES_AGGRESSIVE;
				CLANG_WARN_UNREACHABLE_CODE = YES;
				CLANG_WARN__DUPLICATE_METHOD_MATCH = YES;
				COPY_PHASE_STRIP = NO;
				DEBUG_INFORMATION_FORMAT = dwarf;
				ENABLE_STRICT_OBJC_MSGSEND = YES;
				ENABLE_TESTABILITY = YES;
				ENABLE_USER_SCRIPT_SANDBOXING = YES;
				GCC_C_LANGUAGE_STANDARD = gnu17;
				GCC_DYNAMIC_NO_PIC = NO;
				GCC_NO_COMMON_BLOCKS = YES;
				GCC_OPTIMIZATION_LEVEL = 0;
				GCC_PREPROCESSOR_DEFINITIONS = (
					"DEBUG=1",
					"$(inherited)",
				);
				GCC_WARN_64_TO_32_BIT_CONVERSION = YES;
				GCC_WARN_ABOUT_RETURN_TYPE = YES_ERROR;
				GCC_WARN_UNDECLARED_SELECTOR = YES;
				GCC_WARN_UNINITIALIZED_AUTOS = YES_AGGRESSIVE;
				GCC_WARN_UNUSED_FUNCTION = YES;
				GCC_WARN_UNUSED_VARIABLE = YES;
				IPHONEOS_DEPLOYMENT_TARGET = 17.5;
				LOCALIZATION_PREFERS_STRING_CATALOGS = YES;
				MTL_ENABLE_DEBUG_INFO = INCLUDE_SOURCE;
				MTL_FAST_MATH = YES;
				ONLY_ACTIVE_ARCH = YES;
				SDKROOT = iphoneos;
				SWIFT_ACTIVE_COMPILATION_CONDITIONS = "DEBUG $(inherited)";
				SWIFT_OPTIMIZATION_LEVEL = "-Onone";
			};
			name = Debug;
		};
		EB2590002C347D8D002EF1BD /* Release */ = {
			isa = XCBuildConfiguration;
			buildSettings = {
				ALWAYS_SEARCH_USER_PATHS = NO;
				ASSETCATALOG_COMPILER_GENERATE_SWIFT_ASSET_SYMBOL_EXTENSIONS = YES;
				CLANG_ANALYZER_NONNULL = YES;
				CLANG_ANALYZER_NUMBER_OBJECT_CONVERSION = YES_AGGRESSIVE;
				CLANG_CXX_LANGUAGE_STANDARD = "gnu++20";
				CLANG_ENABLE_MODULES = YES;
				CLANG_ENABLE_OBJC_ARC = YES;
				CLANG_ENABLE_OBJC_WEAK = YES;
				CLANG_WARN_BLOCK_CAPTURE_AUTORELEASING = YES;
				CLANG_WARN_BOOL_CONVERSION = YES;
				CLANG_WARN_COMMA = YES;
				CLANG_WARN_CONSTANT_CONVERSION = YES;
				CLANG_WARN_DEPRECATED_OBJC_IMPLEMENTATIONS = YES;
				CLANG_WARN_DIRECT_OBJC_ISA_USAGE = YES_ERROR;
				CLANG_WARN_DOCUMENTATION_COMMENTS = YES;
				CLANG_WARN_EMPTY_BODY = YES;
				CLANG_WARN_ENUM_CONVERSION = YES;
				CLANG_WARN_INFINITE_RECURSION = YES;
				CLANG_WARN_INT_CONVERSION = YES;
				CLANG_WARN_NON_LITERAL_NULL_CONVERSION = YES;
				CLANG_WARN_OBJC_IMPLICIT_RETAIN_SELF = YES;
				CLANG_WARN_OBJC_LITERAL_CONVERSION = YES;
				CLANG_WARN_OBJC_ROOT_CLASS = YES_ERROR;
				CLANG_WARN_QUOTED_INCLUDE_IN_FRAMEWORK_HEADER = YES;
				CLANG_WARN_RANGE_LOOP_ANALYSIS = YES;
				CLANG_WARN_STRICT_PROTOTYPES = YES;
				CLANG_WARN_SUSPICIOUS_MOVE = YES;
				CLANG_WARN_UNGUARDED_AVAILABILITY = YES_AGGRESSIVE;
				CLANG_WARN_UNREACHABLE_CODE = YES;
				CLANG_WARN__DUPLICATE_METHOD_MATCH = YES;
				COPY_PHASE_STRIP = NO;
				DEBUG_INFORMATION_FORMAT = "dwarf-with-dsym";
				ENABLE_NS_ASSERTIONS = NO;
				ENABLE_STRICT_OBJC_MSGSEND = YES;
				ENABLE_USER_SCRIPT_SANDBOXING = YES;
				GCC_C_LANGUAGE_STANDARD = gnu17;
				GCC_NO_COMMON_BLOCKS = YES;
				GCC_WARN_64_TO_32_BIT_CONVERSION = YES;
				GCC_WARN_ABOUT_RETURN_TYPE = YES_ERROR;
				GCC_WARN_UNDECLARED_SELECTOR = YES;
				GCC_WARN_UNINITIALIZED_AUTOS = YES_AGGRESSIVE;
				GCC_WARN_UNUSED_FUNCTION = YES;
				GCC_WARN_UNUSED_VARIABLE = YES;
				IPHONEOS_DEPLOYMENT_TARGET = 17.5;
				LOCALIZATION_PREFERS_STRING_CATALOGS = YES;
				MTL_ENABLE_DEBUG_INFO = NO;
				MTL_FAST_MATH = YES;
				SDKROOT = iphoneos;
				SWIFT_COMPILATION_MODE = wholemodule;
				VALIDATE_PRODUCT = YES;
			};
			name = Release;
		};
		EB2590022C347D8D002EF1BD /* Debug */ = {
			isa = XCBuildConfiguration;
			buildSettings = {
				ASSETCATALOG_COMPILER_APPICON_NAME = AppIcon;
				ASSETCATALOG_COMPILER_GLOBAL_ACCENT_COLOR_NAME = AccentColor;
				CODE_SIGN_STYLE = Automatic;
				CURRENT_PROJECT_VERSION = 1;
				DEVELOPMENT_ASSET_PATHS = "\"TikTokClone/Preview Content\"";
				DEVELOPMENT_TEAM = NT57WH95JN;
				ENABLE_PREVIEWS = YES;
				GENERATE_INFOPLIST_FILE = YES;
				INFOPLIST_KEY_UIApplicationSceneManifest_Generation = YES;
				INFOPLIST_KEY_UIApplicationSupportsIndirectInputEvents = YES;
				INFOPLIST_KEY_UILaunchScreen_Generation = YES;
				INFOPLIST_KEY_UISupportedInterfaceOrientations_iPad = "UIInterfaceOrientationPortrait UIInterfaceOrientationPortraitUpsideDown UIInterfaceOrientationLandscapeLeft UIInterfaceOrientationLandscapeRight";
				INFOPLIST_KEY_UISupportedInterfaceOrientations_iPhone = "UIInterfaceOrientationPortrait UIInterfaceOrientationLandscapeLeft UIInterfaceOrientationLandscapeRight";
				LD_RUNPATH_SEARCH_PATHS = (
					"$(inherited)",
					"@executable_path/Frameworks",
				);
				MARKETING_VERSION = 1.0;
				PRODUCT_BUNDLE_IDENTIFIER = com.TreyBrowder.TikTokClone;
				PRODUCT_NAME = "$(TARGET_NAME)";
				SWIFT_EMIT_LOC_STRINGS = YES;
				SWIFT_VERSION = 5.0;
				TARGETED_DEVICE_FAMILY = "1,2";
			};
			name = Debug;
		};
		EB2590032C347D8D002EF1BD /* Release */ = {
			isa = XCBuildConfiguration;
			buildSettings = {
				ASSETCATALOG_COMPILER_APPICON_NAME = AppIcon;
				ASSETCATALOG_COMPILER_GLOBAL_ACCENT_COLOR_NAME = AccentColor;
				CODE_SIGN_STYLE = Automatic;
				CURRENT_PROJECT_VERSION = 1;
				DEVELOPMENT_ASSET_PATHS = "\"TikTokClone/Preview Content\"";
				DEVELOPMENT_TEAM = NT57WH95JN;
				ENABLE_PREVIEWS = YES;
				GENERATE_INFOPLIST_FILE = YES;
				INFOPLIST_KEY_UIApplicationSceneManifest_Generation = YES;
				INFOPLIST_KEY_UIApplicationSupportsIndirectInputEvents = YES;
				INFOPLIST_KEY_UILaunchScreen_Generation = YES;
				INFOPLIST_KEY_UISupportedInterfaceOrientations_iPad = "UIInterfaceOrientationPortrait UIInterfaceOrientationPortraitUpsideDown UIInterfaceOrientationLandscapeLeft UIInterfaceOrientationLandscapeRight";
				INFOPLIST_KEY_UISupportedInterfaceOrientations_iPhone = "UIInterfaceOrientationPortrait UIInterfaceOrientationLandscapeLeft UIInterfaceOrientationLandscapeRight";
				LD_RUNPATH_SEARCH_PATHS = (
					"$(inherited)",
					"@executable_path/Frameworks",
				);
				MARKETING_VERSION = 1.0;
				PRODUCT_BUNDLE_IDENTIFIER = com.TreyBrowder.TikTokClone;
				PRODUCT_NAME = "$(TARGET_NAME)";
				SWIFT_EMIT_LOC_STRINGS = YES;
				SWIFT_VERSION = 5.0;
				TARGETED_DEVICE_FAMILY = "1,2";
			};
			name = Release;
		};
/* End XCBuildConfiguration section */

/* Begin XCConfigurationList section */
		EB258FEE2C347D8B002EF1BD /* Build configuration list for PBXProject "TikTokClone" */ = {
			isa = XCConfigurationList;
			buildConfigurations = (
				EB258FFF2C347D8D002EF1BD /* Debug */,
				EB2590002C347D8D002EF1BD /* Release */,
			);
			defaultConfigurationIsVisible = 0;
			defaultConfigurationName = Release;
		};
		EB2590012C347D8D002EF1BD /* Build configuration list for PBXNativeTarget "TikTokClone" */ = {
			isa = XCConfigurationList;
			buildConfigurations = (
				EB2590022C347D8D002EF1BD /* Debug */,
				EB2590032C347D8D002EF1BD /* Release */,
			);
			defaultConfigurationIsVisible = 0;
			defaultConfigurationName = Release;
		};
/* End XCConfigurationList section */

/* Begin XCRemoteSwiftPackageReference section */
		EB2590482C3889E4002EF1BD /* XCRemoteSwiftPackageReference "firebase-ios-sdk" */ = {
			isa = XCRemoteSwiftPackageReference;
			repositoryURL = "https://github.com/firebase/firebase-ios-sdk";
			requirement = {
				kind = upToNextMajorVersion;
				minimumVersion = 10.28.1;
			};
		};
/* End XCRemoteSwiftPackageReference section */

/* Begin XCSwiftPackageProductDependency section */
		EB25904A2C388F03002EF1BD /* FirebaseAuth */ = {
			isa = XCSwiftPackageProductDependency;
			package = EB2590482C3889E4002EF1BD /* XCRemoteSwiftPackageReference "firebase-ios-sdk" */;
			productName = FirebaseAuth;
		};
		EB25904C2C388F03002EF1BD /* FirebaseCrashlytics */ = {
			isa = XCSwiftPackageProductDependency;
			package = EB2590482C3889E4002EF1BD /* XCRemoteSwiftPackageReference "firebase-ios-sdk" */;
			productName = FirebaseCrashlytics;
		};
		EB2590502C388F03002EF1BD /* FirebaseFirestore */ = {
			isa = XCSwiftPackageProductDependency;
			package = EB2590482C3889E4002EF1BD /* XCRemoteSwiftPackageReference "firebase-ios-sdk" */;
			productName = FirebaseFirestore;
		};
		EB25905E2C38A5FC002EF1BD /* FirebaseAnalyticsOnDeviceConversion */ = {
			isa = XCSwiftPackageProductDependency;
			package = EB2590482C3889E4002EF1BD /* XCRemoteSwiftPackageReference "firebase-ios-sdk" */;
			productName = FirebaseAnalyticsOnDeviceConversion;
		};
		EB2590602C38A5FC002EF1BD /* FirebaseAnalyticsSwift */ = {
			isa = XCSwiftPackageProductDependency;
			package = EB2590482C3889E4002EF1BD /* XCRemoteSwiftPackageReference "firebase-ios-sdk" */;
			productName = FirebaseAnalyticsSwift;
		};
		EB2590622C38A5FC002EF1BD /* FirebaseAnalyticsWithoutAdIdSupport */ = {
			isa = XCSwiftPackageProductDependency;
			package = EB2590482C3889E4002EF1BD /* XCRemoteSwiftPackageReference "firebase-ios-sdk" */;
			productName = FirebaseAnalyticsWithoutAdIdSupport;
		};
		EB2590642C38A5FC002EF1BD /* FirebaseAppCheck */ = {
			isa = XCSwiftPackageProductDependency;
			package = EB2590482C3889E4002EF1BD /* XCRemoteSwiftPackageReference "firebase-ios-sdk" */;
			productName = FirebaseAppCheck;
		};
		EB2590662C38A5FC002EF1BD /* FirebaseDatabaseSwift */ = {
			isa = XCSwiftPackageProductDependency;
			package = EB2590482C3889E4002EF1BD /* XCRemoteSwiftPackageReference "firebase-ios-sdk" */;
			productName = FirebaseDatabaseSwift;
		};
		EB2590682C38A613002EF1BD /* FirebaseAnalytics */ = {
			isa = XCSwiftPackageProductDependency;
			package = EB2590482C3889E4002EF1BD /* XCRemoteSwiftPackageReference "firebase-ios-sdk" */;
			productName = FirebaseAnalytics;
		};
		EB25906A2C38A63A002EF1BD /* FirebaseStorage */ = {
			isa = XCSwiftPackageProductDependency;
			package = EB2590482C3889E4002EF1BD /* XCRemoteSwiftPackageReference "firebase-ios-sdk" */;
			productName = FirebaseStorage;
		};
		EB2590722C39B5A1002EF1BD /* FirebaseFirestoreSwift */ = {
			isa = XCSwiftPackageProductDependency;
			package = EB2590482C3889E4002EF1BD /* XCRemoteSwiftPackageReference "firebase-ios-sdk" */;
			productName = FirebaseFirestoreSwift;
		};
/* End XCSwiftPackageProductDependency section */
	};
	rootObject = EB258FEB2C347D8B002EF1BD /* Project object */;
}
